
Microsoft Visual Studio Solution File, Format Version 12.00
# Visual Studio 14
VisualStudioVersion = 14.0.25420.1
MinimumVisualStudioVersion = 10.0.40219.1
Project("{FAE04EC0-301F-11D3-BF4B-00C04F79EFBC}") = "CarMarketMobile", "CarMarketMobile\CarMarketMobile.csproj", "{EC2A60A5-E3BF-464C-AC1A-5B558B492871}"
EndProject
Project("{FAE04EC0-301F-11D3-BF4B-00C04F79EFBC}") = "CarMobile.Service", "CarMobile.Service\CarMobile.Service.csproj", "{18B592CC-7E40-4327-85BF-8222CFC5C00D}"
EndProject
Project("{FAE04EC0-301F-11D3-BF4B-00C04F79EFBC}") = "CarMobile.Framework", "CarMobile.Framework\CarMobile.Framework.csproj", "{B26525FC-2D73-4511-9744-62E156B69B6A}"
EndProject
Project("{FAE04EC0-301F-11D3-BF4B-00C04F79EFBC}") = "CarMobile.Model", "CarMobile.Model\CarMobile.Model.csproj", "{3A8ECFF0-B4EA-4785-833B-F0DDFA61C560}"
EndProject
Global
	GlobalSection(SolutionConfigurationPlatforms) = preSolution
		Debug|Any CPU = Debug|Any CPU
		Release|Any CPU = Release|Any CPU
	EndGlobalSection
	GlobalSection(ProjectConfigurationPlatforms) = postSolution
		{EC2A60A5-E3BF-464C-AC1A-5B558B492871}.Debug|Any CPU.ActiveCfg = Debug|Any CPU
		{EC2A60A5-E3BF-464C-AC1A-5B558B492871}.Debug|Any CPU.Build.0 = Debug|Any CPU
		{EC2A60A5-E3BF-464C-AC1A-5B558B492871}.Release|Any CPU.ActiveCfg = Release|Any CPU
		{EC2A60A5-E3BF-464C-AC1A-5B558B492871}.Release|Any CPU.Build.0 = Release|Any CPU
		{18B592CC-7E40-4327-85BF-8222CFC5C00D}.Debug|Any CPU.ActiveCfg = Debug|Any CPU
		{18B592CC-7E40-4327-85BF-8222CFC5C00D}.Debug|Any CPU.Build.0 = Debug|Any CPU
		{18B592CC-7E40-4327-85BF-8222CFC5C00D}.Release|Any CPU.ActiveCfg = Release|Any CPU
		{18B592CC-7E40-4327-85BF-8222CFC5C00D}.Release|Any CPU.Build.0 = Release|Any CPU
		{B26525FC-2D73-4511-9744-62E156B69B6A}.Debug|Any CPU.ActiveCfg = Debug|Any CPU
		{B26525FC-2D73-4511-9744-62E156B69B6A}.Debug|Any CPU.Build.0 = Debug|Any CPU
		{B26525FC-2D73-4511-9744-62E156B69B6A}.Release|Any CPU.ActiveCfg = Release|Any CPU
		{B26525FC-2D73-4511-9744-62E156B69B6A}.Release|Any CPU.Build.0 = Release|Any CPU
		{3A8ECFF0-B4EA-4785-833B-F0DDFA61C560}.Debug|Any CPU.ActiveCfg = Debug|Any CPU
		{3A8ECFF0-B4EA-4785-833B-F0DDFA61C560}.Debug|Any CPU.Build.0 = Debug|Any CPU
		{3A8ECFF0-B4EA-4785-833B-F0DDFA61C560}.Release|Any CPU.ActiveCfg = Release|Any CPU
		{3A8ECFF0-B4EA-4785-833B-F0DDFA61C560}.Release|Any CPU.Build.0 = Release|Any CPU
	EndGlobalSection
	GlobalSection(SolutionProperties) = preSolution
		HideSolutionNode = FALSE
	EndGlobalSection
EndGlobal
