
Microsoft Visual Studio Solution File, Format Version 12.00
# Visual Studio 14
VisualStudioVersion = 14.0.25420.1
MinimumVisualStudioVersion = 10.0.40219.1
Project("{FAE04EC0-301F-11D3-BF4B-00C04F79EFBC}") = "CarMarketMobile", "CarMarketMobile\CarMarketMobile.csproj", "{EC2A60A5-E3BF-464C-AC1A-5B558B492871}"
EndProject
Global
	GlobalSection(SolutionConfigurationPlatforms) = preSolution
		Debug|Any CPU = Debug|Any CPU
		Release|Any CPU = Release|Any CPU
	EndGlobalSection
	GlobalSection(ProjectConfigurationPlatforms) = postSolution
		{EC2A60A5-E3BF-464C-AC1A-5B558B492871}.Debug|Any CPU.ActiveCfg = Debug|Any CPU
		{EC2A60A5-E3BF-464C-AC1A-5B558B492871}.Debug|Any CPU.Build.0 = Debug|Any CPU
		{EC2A60A5-E3BF-464C-AC1A-5B558B492871}.Release|Any CPU.ActiveCfg = Release|Any CPU
		{EC2A60A5-E3BF-464C-AC1A-5B558B492871}.Release|Any CPU.Build.0 = Release|Any CPU
	EndGlobalSection
	GlobalSection(SolutionProperties) = preSolution
		HideSolutionNode = FALSE
	EndGlobalSection
EndGlobal
